
Microsoft Visual Studio Solution File, Format Version 12.00
# Visual Studio 2013
VisualStudioVersion = 12.0.21005.1
MinimumVisualStudioVersion = 10.0.40219.1
Project("{E24C65DC-7377-472B-9ABA-BC803B73C61A}") = "ServidorRastreo", "http://localhost:49986", "{6EE57C44-364C-41A4-8C59-84F60E55B3B1}"
	ProjectSection(WebsiteProperties) = preProject
		UseIISExpress = "true"
		TargetFrameworkMoniker = ".NETFramework,Version%3Dv3.5"
		Debug.AspNetCompiler.VirtualPath = "/localhost_49986"
		Debug.AspNetCompiler.PhysicalPath = "..\..\..\GitHub\SA_Tarea2\ServidorRastreo\"
		Debug.AspNetCompiler.TargetPath = "PrecompiledWeb\localhost_49986\"
		Debug.AspNetCompiler.Updateable = "true"
		Debug.AspNetCompiler.ForceOverwrite = "true"
		Debug.AspNetCompiler.FixedNames = "false"
		Debug.AspNetCompiler.Debug = "True"
		Release.AspNetCompiler.VirtualPath = "/localhost_49986"
		Release.AspNetCompiler.PhysicalPath = "..\..\..\GitHub\SA_Tarea2\ServidorRastreo\"
		Release.AspNetCompiler.TargetPath = "PrecompiledWeb\localhost_49986\"
		Release.AspNetCompiler.Updateable = "true"
		Release.AspNetCompiler.ForceOverwrite = "true"
		Release.AspNetCompiler.FixedNames = "false"
		Release.AspNetCompiler.Debug = "False"
		SlnRelativePath = "..\..\..\GitHub\SA_Tarea2\ServidorRastreo\"
		DefaultWebSiteLanguage = "Visual C#"
	EndProjectSection
EndProject
Global
	GlobalSection(SolutionConfigurationPlatforms) = preSolution
		Debug|Any CPU = Debug|Any CPU
	EndGlobalSection
	GlobalSection(ProjectConfigurationPlatforms) = postSolution
		{6EE57C44-364C-41A4-8C59-84F60E55B3B1}.Debug|Any CPU.ActiveCfg = Debug|Any CPU
		{6EE57C44-364C-41A4-8C59-84F60E55B3B1}.Debug|Any CPU.Build.0 = Debug|Any CPU
	EndGlobalSection
	GlobalSection(SolutionProperties) = preSolution
		HideSolutionNode = FALSE
	EndGlobalSection
EndGlobal
